// !$*UTF8*$!
{
	archiveVersion = 1;
	classes = {
	};
	objectVersion = 46;
	objects = {

/* Begin PBXBuildFile section */
		5594DF981C567BB300F923CC /* AppDelegate.swift in Sources */ = {isa = PBXBuildFile; fileRef = 5594DF971C567BB300F923CC /* AppDelegate.swift */; };
		5594DF9A1C567BB300F923CC /* ViewController.swift in Sources */ = {isa = PBXBuildFile; fileRef = 5594DF991C567BB300F923CC /* ViewController.swift */; };
		5594DF9D1C567BB300F923CC /* Main.storyboard in Resources */ = {isa = PBXBuildFile; fileRef = 5594DF9B1C567BB300F923CC /* Main.storyboard */; };
		5594DF9F1C567BB300F923CC /* Assets.xcassets in Resources */ = {isa = PBXBuildFile; fileRef = 5594DF9E1C567BB300F923CC /* Assets.xcassets */; };
		5594DFA21C567BB300F923CC /* LaunchScreen.storyboard in Resources */ = {isa = PBXBuildFile; fileRef = 5594DFA01C567BB300F923CC /* LaunchScreen.storyboard */; };
/* End PBXBuildFile section */

/* Begin PBXFileReference section */
		5594DF941C567BB300F923CC /* Cat Years 2.app */ = {isa = PBXFileReference; explicitFileType = wrapper.application; includeInIndex = 0; path = "Cat Years 2.app"; sourceTree = BUILT_PRODUCTS_DIR; };
		5594DF971C567BB300F923CC /* AppDelegate.swift */ = {isa = PBXFileReference; lastKnownFileType = sourcecode.swift; path = AppDelegate.swift; sourceTree = "<group>"; };
		5594DF991C567BB300F923CC /* ViewController.swift */ = {isa = PBXFileReference; lastKnownFileType = sourcecode.swift; path = ViewController.swift; sourceTree = "<group>"; };
		5594DF9C1C567BB300F923CC /* Base */ = {isa = PBXFileReference; lastKnownFileType = file.storyboard; name = Base; path = Base.lproj/Main.storyboard; sourceTree = "<group>"; };
		5594DF9E1C567BB300F923CC /* Assets.xcassets */ = {isa = PBXFileReference; lastKnownFileType = folder.assetcatalog; path = Assets.xcassets; sourceTree = "<group>"; };
		5594DFA11C567BB300F923CC /* Base */ = {isa = PBXFileReference; lastKnownFileType = file.storyboard; name = Base; path = Base.lproj/LaunchScreen.storyboard; sourceTree = "<group>"; };
		5594DFA31C567BB300F923CC /* Info.plist */ = {isa = PBXFileReference; lastKnownFileType = text.plist.xml; path = Info.plist; sourceTree = "<group>"; };
/* End PBXFileReference section */

/* Begin PBXFrameworksBuildPhase section */
		5594DF911C567BB300F923CC /* Frameworks */ = {
			isa = PBXFrameworksBuildPhase;
			buildActionMask = 2147483647;
			files = (
			);
			runOnlyForDeploymentPostprocessing = 0;
		};
/* End PBXFrameworksBuildPhase section */

/* Begin PBXGroup section */
		5594DF8B1C567BB200F923CC = {
			isa = PBXGroup;
			children = (
				5594DF961C567BB300F923CC /* Cat Years 2 */,
				5594DF951C567BB300F923CC /* Products */,
			);
			sourceTree = "<group>";
		};
		5594DF951C567BB300F923CC /* Products */ = {
			isa = PBXGroup;
			children = (
				5594DF941C567BB300F923CC /* Cat Years 2.app */,
			);
			name = Products;
			sourceTree = "<group>";
		};
		5594DF961C567BB300F923CC /* Cat Years 2 */ = {
			isa = PBXGroup;
			children = (
				5594DF971C567BB300F923CC /* AppDelegate.swift */,
				5594DF991C567BB300F923CC /* ViewController.swift */,
				5594DF9B1C567BB300F923CC /* Main.storyboard */,
				5594DF9E1C567BB300F923CC /* Assets.xcassets */,
				5594DFA01C567BB300F923CC /* LaunchScreen.storyboard */,
				5594DFA31C567BB300F923CC /* Info.plist */,
			);
			path = "Cat Years 2";
			sourceTree = "<group>";
		};
/* End PBXGroup section */

/* Begin PBXNativeTarget section */
		5594DF931C567BB300F923CC /* Cat Years 2 */ = {
			isa = PBXNativeTarget;
			buildConfigurationList = 5594DFA61C567BB300F923CC /* Build configuration list for PBXNativeTarget "Cat Years 2" */;
			buildPhases = (
				5594DF901C567BB300F923CC /* Sources */,
				5594DF911C567BB300F923CC /* Frameworks */,
				5594DF921C567BB300F923CC /* Resources */,
			);
			buildRules = (
			);
			dependencies = (
			);
			name = "Cat Years 2";
			productName = "Cat Years 2";
			productReference = 5594DF941C567BB300F923CC /* Cat Years 2.app */;
			productType = "com.apple.product-type.application";
		};
/* End PBXNativeTarget section */

/* Begin PBXProject section */
		5594DF8C1C567BB200F923CC /* Project object */ = {
			isa = PBXProject;
			attributes = {
				LastSwiftUpdateCheck = 0720;
				LastUpgradeCheck = 0720;
				ORGANIZATIONNAME = lchentheiv;
				TargetAttributes = {
					5594DF931C567BB300F923CC = {
						CreatedOnToolsVersion = 7.2;
					};
				};
			};
			buildConfigurationList = 5594DF8F1C567BB200F923CC /* Build configuration list for PBXProject "Cat Years 2" */;
			compatibilityVersion = "Xcode 3.2";
			developmentRegion = English;
			hasScannedForEncodings = 0;
			knownRegions = (
				en,
				Base,
			);
			mainGroup = 5594DF8B1C567BB200F923CC;
			productRefGroup = 5594DF951C567BB300F923CC /* Products */;
			projectDirPath = "";
			projectRoot = "";
			targets = (
				5594DF931C567BB300F923CC /* Cat Years 2 */,
			);
		};
/* End PBXProject section */

/* Begin PBXResourcesBuildPhase section */
		5594DF921C567BB300F923CC /* Resources */ = {
			isa = PBXResourcesBuildPhase;
			buildActionMask = 2147483647;
			files = (
				5594DFA21C567BB300F923CC /* LaunchScreen.storyboard in Resources */,
				5594DF9F1C567BB300F923CC /* Assets.xcassets in Resources */,
				5594DF9D1C567BB300F923CC /* Main.storyboard in Resources */,
			);
			runOnlyForDeploymentPostprocessing = 0;
		};
/* End PBXResourcesBuildPhase section */

/* Begin PBXSourcesBuildPhase section */
		5594DF901C567BB300F923CC /* Sources */ = {
			isa = PBXSourcesBuildPhase;
			buildActionMask = 2147483647;
			files = (
				5594DF9A1C567BB300F923CC /* ViewController.swift in Sources */,
				5594DF981C567BB300F923CC /* AppDelegate.swift in Sources */,
			);
			runOnlyForDeploymentPostprocessing = 0;
		};
/* End PBXSourcesBuildPhase section */

/* Begin PBXVariantGroup section */
		5594DF9B1C567BB300F923CC /* Main.storyboard */ = {
			isa = PBXVariantGroup;
			children = (
				5594DF9C1C567BB300F923CC /* Base */,
			);
			name = Main.storyboard;
			sourceTree = "<group>";
		};
		5594DFA01C567BB300F923CC /* LaunchScreen.storyboard */ = {
			isa = PBXVariantGroup;
			children = (
				5594DFA11C567BB300F923CC /* Base */,
			);
			name = LaunchScreen.storyboard;
			sourceTree = "<group>";
		};
/* End PBXVariantGroup section */

/* Begin XCBuildConfiguration section */
		5594DFA41C567BB300F923CC /* Debug */ = {
			isa = XCBuildConfiguration;
			buildSettings = {
				ALWAYS_SEARCH_USER_PATHS = NO;
				CLANG_CXX_LANGUAGE_STANDARD = "gnu++0x";
				CLANG_CXX_LIBRARY = "libc++";
				CLANG_ENABLE_MODULES = YES;
				CLANG_ENABLE_OBJC_ARC = YES;
				CLANG_WARN_BOOL_CONVERSION = YES;
				CLANG_WARN_CONSTANT_CONVERSION = YES;
				CLANG_WARN_DIRECT_OBJC_ISA_USAGE = YES_ERROR;
				CLANG_WARN_EMPTY_BODY = YES;
				CLANG_WARN_ENUM_CONVERSION = YES;
				CLANG_WARN_INT_CONVERSION = YES;
				CLANG_WARN_OBJC_ROOT_CLASS = YES_ERROR;
				CLANG_WARN_UNREACHABLE_CODE = YES;
				CLANG_WARN__DUPLICATE_METHOD_MATCH = YES;
				"CODE_SIGN_IDENTITY[sdk=iphoneos*]" = "iPhone Developer";
				COPY_PHASE_STRIP = NO;
				DEBUG_INFORMATION_FORMAT = dwarf;
				ENABLE_STRICT_OBJC_MSGSEND = YES;
				ENABLE_TESTABILITY = YES;
				GCC_C_LANGUAGE_STANDARD = gnu99;
				GCC_DYNAMIC_NO_PIC = NO;
				GCC_NO_COMMON_BLOCKS = YES;
				GCC_OPTIMIZATION_LEVEL = 0;
				GCC_PREPROCESSOR_DEFINITIONS = (
					"DEBUG=1",
					"$(inherited)",
				);
				GCC_WARN_64_TO_32_BIT_CONVERSION = YES;
				GCC_WARN_ABOUT_RETURN_TYPE = YES_ERROR;
				GCC_WARN_UNDECLARED_SELECTOR = YES;
				GCC_WARN_UNINITIALIZED_AUTOS = YES_AGGRESSIVE;
				GCC_WARN_UNUSED_FUNCTION = YES;
				GCC_WARN_UNUSED_VARIABLE = YES;
				IPHONEOS_DEPLOYMENT_TARGET = 9.2;
				MTL_ENABLE_DEBUG_INFO = YES;
				ONLY_ACTIVE_ARCH = YES;
				SDKROOT = iphoneos;
				SWIFT_OPTIMIZATION_LEVEL = "-Onone";
			};
			name = Debug;
		};
		5594DFA51C567BB300F923CC /* Release */ = {
			isa = XCBuildConfiguration;
			buildSettings = {
				ALWAYS_SEARCH_USER_PATHS = NO;
				CLANG_CXX_LANGUAGE_STANDARD = "gnu++0x";
				CLANG_CXX_LIBRARY = "libc++";
				CLANG_ENABLE_MODULES = YES;
				CLANG_ENABLE_OBJC_ARC = YES;
				CLANG_WARN_BOOL_CONVERSION = YES;
				CLANG_WARN_CONSTANT_CONVERSION = YES;
				CLANG_WARN_DIRECT_OBJC_ISA_USAGE = YES_ERROR;
				CLANG_WARN_EMPTY_BODY = YES;
				CLANG_WARN_ENUM_CONVERSION = YES;
				CLANG_WARN_INT_CONVERSION = YES;
				CLANG_WARN_OBJC_ROOT_CLASS = YES_ERROR;
				CLANG_WARN_UNREACHABLE_CODE = YES;
				CLANG_WARN__DUPLICATE_METHOD_MATCH = YES;
				"CODE_SIGN_IDENTITY[sdk=iphoneos*]" = "iPhone Developer";
				COPY_PHASE_STRIP = NO;
				DEBUG_INFORMATION_FORMAT = "dwarf-with-dsym";
				ENABLE_NS_ASSERTIONS = NO;
				ENABLE_STRICT_OBJC_MSGSEND = YES;
				GCC_C_LANGUAGE_STANDARD = gnu99;
				GCC_NO_COMMON_BLOCKS = YES;
				GCC_WARN_64_TO_32_BIT_CONVERSION = YES;
				GCC_WARN_ABOUT_RETURN_TYPE = YES_ERROR;
				GCC_WARN_UNDECLARED_SELECTOR = YES;
				GCC_WARN_UNINITIALIZED_AUTOS = YES_AGGRESSIVE;
				GCC_WARN_UNUSED_FUNCTION = YES;
				GCC_WARN_UNUSED_VARIABLE = YES;
				IPHONEOS_DEPLOYMENT_TARGET = 9.2;
				MTL_ENABLE_DEBUG_INFO = NO;
				SDKROOT = iphoneos;
				VALIDATE_PRODUCT = YES;
			};
			name = Release;
		};
		5594DFA71C567BB300F923CC /* Debug */ = {
			isa = XCBuildConfiguration;
			buildSettings = {
				ASSETCATALOG_COMPILER_APPICON_NAME = AppIcon;
				INFOPLIST_FILE = "Cat Years 2/Info.plist";
				LD_RUNPATH_SEARCH_PATHS = "$(inherited) @executable_path/Frameworks";
				PRODUCT_BUNDLE_IDENTIFIER = "com.lchentheiv.Cat-Years-2";
				PRODUCT_NAME = "$(TARGET_NAME)";
			};
			name = Debug;
		};
		5594DFA81C567BB300F923CC /* Release */ = {
			isa = XCBuildConfiguration;
			buildSettings = {
				ASSETCATALOG_COMPILER_APPICON_NAME = AppIcon;
				INFOPLIST_FILE = "Cat Years 2/Info.plist";
				LD_RUNPATH_SEARCH_PATHS = "$(inherited) @executable_path/Frameworks";
				PRODUCT_BUNDLE_IDENTIFIER = "com.lchentheiv.Cat-Years-2";
				PRODUCT_NAME = "$(TARGET_NAME)";
			};
			name = Release;
		};
/* End XCBuildConfiguration section */

/* Begin XCConfigurationList section */
		5594DF8F1C567BB200F923CC /* Build configuration list for PBXProject "Cat Years 2" */ = {
			isa = XCConfigurationList;
			buildConfigurations = (
				5594DFA41C567BB300F923CC /* Debug */,
				5594DFA51C567BB300F923CC /* Release */,
			);
			defaultConfigurationIsVisible = 0;
			defaultConfigurationName = Release;
		};
		5594DFA61C567BB300F923CC /* Build configuration list for PBXNativeTarget "Cat Years 2" */ = {
			isa = XCConfigurationList;
			buildConfigurations = (
				5594DFA71C567BB300F923CC /* Debug */,
				5594DFA81C567BB300F923CC /* Release */,
			);
			defaultConfigurationIsVisible = 0;
		};
/* End XCConfigurationList section */
	};
	rootObject = 5594DF8C1C567BB200F923CC /* Project object */;
}
